
Microsoft Visual Studio Solution File, Format Version 12.00
# Visual Studio Version 17
VisualStudioVersion = 17.13.35931.197 d17.13
MinimumVisualStudioVersion = 10.0.40219.1
Project("{FAE04EC0-301F-11D3-BF4B-00C04F79EFBC}") = "ClubeDaLeitura.ConsoleApp1", "ClubeDaLeitura.ConsoleApp1\ClubeDaLeitura.ConsoleApp1.csproj", "{434C3546-70D4-46AE-B3F4-403D49066DC5}"
EndProject
Global
	GlobalSection(SolutionConfigurationPlatforms) = preSolution
		Debug|Any CPU = Debug|Any CPU
		Release|Any CPU = Release|Any CPU
	EndGlobalSection
	GlobalSection(ProjectConfigurationPlatforms) = postSolution
		{434C3546-70D4-46AE-B3F4-403D49066DC5}.Debug|Any CPU.ActiveCfg = Debug|Any CPU
		{434C3546-70D4-46AE-B3F4-403D49066DC5}.Debug|Any CPU.Build.0 = Debug|Any CPU
		{434C3546-70D4-46AE-B3F4-403D49066DC5}.Release|Any CPU.ActiveCfg = Release|Any CPU
		{434C3546-70D4-46AE-B3F4-403D49066DC5}.Release|Any CPU.Build.0 = Release|Any CPU
	EndGlobalSection
	GlobalSection(SolutionProperties) = preSolution
		HideSolutionNode = FALSE
	EndGlobalSection
	GlobalSection(ExtensibilityGlobals) = postSolution
		SolutionGuid = {EA8F2CE5-C190-4F3F-B56C-D227BF45C0E3}
	EndGlobalSection
EndGlobal
